// !$*UTF8*$!
{
	archiveVersion = 1;
	classes = {
	};
	objectVersion = 50;
	objects = {

/* Begin PBXBuildFile section */
		15108642264D91A300210BC0 /* RegionCollectionViewCell.swift in Sources */ = {isa = PBXBuildFile; fileRef = 15108640264D91A300210BC0 /* RegionCollectionViewCell.swift */; };
		15108643264D91A300210BC0 /* RegionCollectionViewCell.xib in Resources */ = {isa = PBXBuildFile; fileRef = 15108641264D91A300210BC0 /* RegionCollectionViewCell.xib */; };
		156586BF2652C22000E69E47 /* DataManager.swift in Sources */ = {isa = PBXBuildFile; fileRef = 156586BE2652C22000E69E47 /* DataManager.swift */; };
		156DC9CF2653F10A00AA74C8 /* RootViewControllerExtensions+ForTableView.swift in Sources */ = {isa = PBXBuildFile; fileRef = 156DC9CE2653F10A00AA74C8 /* RootViewControllerExtensions+ForTableView.swift */; };
		156DC9D12653F12000AA74C8 /* RootViewControllerExtensions+ForCollectionView.swift in Sources */ = {isa = PBXBuildFile; fileRef = 156DC9D02653F12000AA74C8 /* RootViewControllerExtensions+ForCollectionView.swift */; };
		156DC9D32654205B00AA74C8 /* DetailViewController.swift in Sources */ = {isa = PBXBuildFile; fileRef = 156DC9D22654205B00AA74C8 /* DetailViewController.swift */; };
		15CD44D826454BAF0009C8A6 /* AppDelegate.swift in Sources */ = {isa = PBXBuildFile; fileRef = 15CD44D726454BAF0009C8A6 /* AppDelegate.swift */; };
		15CD44DA26454BAF0009C8A6 /* SceneDelegate.swift in Sources */ = {isa = PBXBuildFile; fileRef = 15CD44D926454BAF0009C8A6 /* SceneDelegate.swift */; };
		15CD44DC26454BAF0009C8A6 /* RootViewController.swift in Sources */ = {isa = PBXBuildFile; fileRef = 15CD44DB26454BAF0009C8A6 /* RootViewController.swift */; };
		15CD44DF26454BAF0009C8A6 /* Main.storyboard in Resources */ = {isa = PBXBuildFile; fileRef = 15CD44DD26454BAF0009C8A6 /* Main.storyboard */; };
		15CD44E126454BB00009C8A6 /* Assets.xcassets in Resources */ = {isa = PBXBuildFile; fileRef = 15CD44E026454BB00009C8A6 /* Assets.xcassets */; };
		15CD44E426454BB00009C8A6 /* LaunchScreen.storyboard in Resources */ = {isa = PBXBuildFile; fileRef = 15CD44E226454BB00009C8A6 /* LaunchScreen.storyboard */; };
		15CD44EC26454C1B0009C8A6 /* Country.swift in Sources */ = {isa = PBXBuildFile; fileRef = 15CD44EB26454C1B0009C8A6 /* Country.swift */; };
/* End PBXBuildFile section */

/* Begin PBXFileReference section */
		15108640264D91A300210BC0 /* RegionCollectionViewCell.swift */ = {isa = PBXFileReference; lastKnownFileType = sourcecode.swift; path = RegionCollectionViewCell.swift; sourceTree = "<group>"; };
		15108641264D91A300210BC0 /* RegionCollectionViewCell.xib */ = {isa = PBXFileReference; lastKnownFileType = file.xib; path = RegionCollectionViewCell.xib; sourceTree = "<group>"; };
		156586BE2652C22000E69E47 /* DataManager.swift */ = {isa = PBXFileReference; lastKnownFileType = sourcecode.swift; path = DataManager.swift; sourceTree = "<group>"; };
		156DC9CE2653F10A00AA74C8 /* RootViewControllerExtensions+ForTableView.swift */ = {isa = PBXFileReference; lastKnownFileType = sourcecode.swift; path = "RootViewControllerExtensions+ForTableView.swift"; sourceTree = "<group>"; };
		156DC9D02653F12000AA74C8 /* RootViewControllerExtensions+ForCollectionView.swift */ = {isa = PBXFileReference; lastKnownFileType = sourcecode.swift; path = "RootViewControllerExtensions+ForCollectionView.swift"; sourceTree = "<group>"; };
		156DC9D22654205B00AA74C8 /* DetailViewController.swift */ = {isa = PBXFileReference; lastKnownFileType = sourcecode.swift; path = DetailViewController.swift; sourceTree = "<group>"; };
		15CD44D426454BAF0009C8A6 /* CHI_Internship_Countries.app */ = {isa = PBXFileReference; explicitFileType = wrapper.application; includeInIndex = 0; path = CHI_Internship_Countries.app; sourceTree = BUILT_PRODUCTS_DIR; };
		15CD44D726454BAF0009C8A6 /* AppDelegate.swift */ = {isa = PBXFileReference; lastKnownFileType = sourcecode.swift; path = AppDelegate.swift; sourceTree = "<group>"; };
		15CD44D926454BAF0009C8A6 /* SceneDelegate.swift */ = {isa = PBXFileReference; lastKnownFileType = sourcecode.swift; path = SceneDelegate.swift; sourceTree = "<group>"; };
		15CD44DB26454BAF0009C8A6 /* RootViewController.swift */ = {isa = PBXFileReference; lastKnownFileType = sourcecode.swift; path = RootViewController.swift; sourceTree = "<group>"; };
		15CD44DE26454BAF0009C8A6 /* Base */ = {isa = PBXFileReference; lastKnownFileType = file.storyboard; name = Base; path = Base.lproj/Main.storyboard; sourceTree = "<group>"; };
		15CD44E026454BB00009C8A6 /* Assets.xcassets */ = {isa = PBXFileReference; lastKnownFileType = folder.assetcatalog; path = Assets.xcassets; sourceTree = "<group>"; };
		15CD44E326454BB00009C8A6 /* Base */ = {isa = PBXFileReference; lastKnownFileType = file.storyboard; name = Base; path = Base.lproj/LaunchScreen.storyboard; sourceTree = "<group>"; };
		15CD44E526454BB00009C8A6 /* Info.plist */ = {isa = PBXFileReference; lastKnownFileType = text.plist.xml; path = Info.plist; sourceTree = "<group>"; };
		15CD44EB26454C1B0009C8A6 /* Country.swift */ = {isa = PBXFileReference; lastKnownFileType = sourcecode.swift; path = Country.swift; sourceTree = "<group>"; };
/* End PBXFileReference section */

/* Begin PBXFrameworksBuildPhase section */
		15CD44D126454BAF0009C8A6 /* Frameworks */ = {
			isa = PBXFrameworksBuildPhase;
			buildActionMask = 2147483647;
			files = (
			);
			runOnlyForDeploymentPostprocessing = 0;
		};
/* End PBXFrameworksBuildPhase section */

/* Begin PBXGroup section */
		1510863D264D8D9600210BC0 /* Controllers */ = {
			isa = PBXGroup;
			children = (
				15CD44DB26454BAF0009C8A6 /* RootViewController.swift */,
				156DC9D22654205B00AA74C8 /* DetailViewController.swift */,
				15CD44DD26454BAF0009C8A6 /* Main.storyboard */,
			);
			name = Controllers;
			sourceTree = "<group>";
		};
		1510863E264D8DA500210BC0 /* Views */ = {
			isa = PBXGroup;
			children = (
				15108640264D91A300210BC0 /* RegionCollectionViewCell.swift */,
				15108641264D91A300210BC0 /* RegionCollectionViewCell.xib */,
			);
			name = Views;
			sourceTree = "<group>";
		};
		1510863F264D8DAF00210BC0 /* Models */ = {
			isa = PBXGroup;
			children = (
				15CD44EB26454C1B0009C8A6 /* Country.swift */,
				156586BE2652C22000E69E47 /* DataManager.swift */,
			);
			name = Models;
			sourceTree = "<group>";
		};
		154507732647EB92004FAB75 /* Supporting Files */ = {
			isa = PBXGroup;
			children = (
				15CD44D726454BAF0009C8A6 /* AppDelegate.swift */,
				15CD44D926454BAF0009C8A6 /* SceneDelegate.swift */,
				15CD44E026454BB00009C8A6 /* Assets.xcassets */,
				15CD44E226454BB00009C8A6 /* LaunchScreen.storyboard */,
				15CD44E526454BB00009C8A6 /* Info.plist */,
			);
			name = "Supporting Files";
			sourceTree = "<group>";
		};
		156DC9CD2653ECDD00AA74C8 /* Extensions */ = {
			isa = PBXGroup;
			children = (
				156DC9D02653F12000AA74C8 /* RootViewControllerExtensions+ForCollectionView.swift */,
				156DC9CE2653F10A00AA74C8 /* RootViewControllerExtensions+ForTableView.swift */,
			);
			name = Extensions;
			sourceTree = "<group>";
		};
		15CD44CB26454BAF0009C8A6 = {
			isa = PBXGroup;
			children = (
				15CD44D626454BAF0009C8A6 /* CHI_Internship_Countries */,
				15CD44D526454BAF0009C8A6 /* Products */,
			);
			sourceTree = "<group>";
		};
		15CD44D526454BAF0009C8A6 /* Products */ = {
			isa = PBXGroup;
			children = (
				15CD44D426454BAF0009C8A6 /* CHI_Internship_Countries.app */,
			);
			name = Products;
			sourceTree = "<group>";
		};
		15CD44D626454BAF0009C8A6 /* CHI_Internship_Countries */ = {
			isa = PBXGroup;
			children = (
				156DC9CD2653ECDD00AA74C8 /* Extensions */,
				1510863F264D8DAF00210BC0 /* Models */,
				1510863E264D8DA500210BC0 /* Views */,
				1510863D264D8D9600210BC0 /* Controllers */,
				154507732647EB92004FAB75 /* Supporting Files */,
			);
			path = CHI_Internship_Countries;
			sourceTree = "<group>";
		};
/* End PBXGroup section */

/* Begin PBXNativeTarget section */
		15CD44D326454BAF0009C8A6 /* CHI_Internship_Countries */ = {
			isa = PBXNativeTarget;
			buildConfigurationList = 15CD44E826454BB00009C8A6 /* Build configuration list for PBXNativeTarget "CHI_Internship_Countries" */;
			buildPhases = (
				15CD44D026454BAF0009C8A6 /* Sources */,
				15CD44D126454BAF0009C8A6 /* Frameworks */,
				15CD44D226454BAF0009C8A6 /* Resources */,
			);
			buildRules = (
			);
			dependencies = (
			);
			name = CHI_Internship_Countries;
			productName = CHI_Internship_Countries;
			productReference = 15CD44D426454BAF0009C8A6 /* CHI_Internship_Countries.app */;
			productType = "com.apple.product-type.application";
		};
/* End PBXNativeTarget section */

/* Begin PBXProject section */
		15CD44CC26454BAF0009C8A6 /* Project object */ = {
			isa = PBXProject;
			attributes = {
				LastSwiftUpdateCheck = 1250;
				LastUpgradeCheck = 1250;
				TargetAttributes = {
					15CD44D326454BAF0009C8A6 = {
						CreatedOnToolsVersion = 12.5;
					};
				};
			};
			buildConfigurationList = 15CD44CF26454BAF0009C8A6 /* Build configuration list for PBXProject "CHI_Internship_Countries" */;
			compatibilityVersion = "Xcode 9.3";
			developmentRegion = en;
			hasScannedForEncodings = 0;
			knownRegions = (
				en,
				Base,
			);
			mainGroup = 15CD44CB26454BAF0009C8A6;
			productRefGroup = 15CD44D526454BAF0009C8A6 /* Products */;
			projectDirPath = "";
			projectRoot = "";
			targets = (
				15CD44D326454BAF0009C8A6 /* CHI_Internship_Countries */,
			);
		};
/* End PBXProject section */

/* Begin PBXResourcesBuildPhase section */
		15CD44D226454BAF0009C8A6 /* Resources */ = {
			isa = PBXResourcesBuildPhase;
			buildActionMask = 2147483647;
			files = (
				15108643264D91A300210BC0 /* RegionCollectionViewCell.xib in Resources */,
				15CD44E426454BB00009C8A6 /* LaunchScreen.storyboard in Resources */,
				15CD44E126454BB00009C8A6 /* Assets.xcassets in Resources */,
				15CD44DF26454BAF0009C8A6 /* Main.storyboard in Resources */,
			);
			runOnlyForDeploymentPostprocessing = 0;
		};
/* End PBXResourcesBuildPhase section */

/* Begin PBXSourcesBuildPhase section */
		15CD44D026454BAF0009C8A6 /* Sources */ = {
			isa = PBXSourcesBuildPhase;
			buildActionMask = 2147483647;
			files = (
				156DC9D32654205B00AA74C8 /* DetailViewController.swift in Sources */,
				15CD44EC26454C1B0009C8A6 /* Country.swift in Sources */,
				156586BF2652C22000E69E47 /* DataManager.swift in Sources */,
				15CD44DC26454BAF0009C8A6 /* RootViewController.swift in Sources */,
				156DC9CF2653F10A00AA74C8 /* RootViewControllerExtensions+ForTableView.swift in Sources */,
				156DC9D12653F12000AA74C8 /* RootViewControllerExtensions+ForCollectionView.swift in Sources */,
				15CD44D826454BAF0009C8A6 /* AppDelegate.swift in Sources */,
				15CD44DA26454BAF0009C8A6 /* SceneDelegate.swift in Sources */,
				15108642264D91A300210BC0 /* RegionCollectionViewCell.swift in Sources */,
			);
			runOnlyForDeploymentPostprocessing = 0;
		};
/* End PBXSourcesBuildPhase section */

/* Begin PBXVariantGroup section */
		15CD44DD26454BAF0009C8A6 /* Main.storyboard */ = {
			isa = PBXVariantGroup;
			children = (
				15CD44DE26454BAF0009C8A6 /* Base */,
			);
			name = Main.storyboard;
			sourceTree = "<group>";
		};
		15CD44E226454BB00009C8A6 /* LaunchScreen.storyboard */ = {
			isa = PBXVariantGroup;
			children = (
				15CD44E326454BB00009C8A6 /* Base */,
			);
			name = LaunchScreen.storyboard;
			sourceTree = "<group>";
		};
/* End PBXVariantGroup section */

/* Begin XCBuildConfiguration section */
		15CD44E626454BB00009C8A6 /* Debug */ = {
			isa = XCBuildConfiguration;
			buildSettings = {
				ALWAYS_SEARCH_USER_PATHS = NO;
				CLANG_ANALYZER_NONNULL = YES;
				CLANG_ANALYZER_NUMBER_OBJECT_CONVERSION = YES_AGGRESSIVE;
				CLANG_CXX_LANGUAGE_STANDARD = "gnu++14";
				CLANG_CXX_LIBRARY = "libc++";
				CLANG_ENABLE_MODULES = YES;
				CLANG_ENABLE_OBJC_ARC = YES;
				CLANG_ENABLE_OBJC_WEAK = YES;
				CLANG_WARN_BLOCK_CAPTURE_AUTORELEASING = YES;
				CLANG_WARN_BOOL_CONVERSION = YES;
				CLANG_WARN_COMMA = YES;
				CLANG_WARN_CONSTANT_CONVERSION = YES;
				CLANG_WARN_DEPRECATED_OBJC_IMPLEMENTATIONS = YES;
				CLANG_WARN_DIRECT_OBJC_ISA_USAGE = YES_ERROR;
				CLANG_WARN_DOCUMENTATION_COMMENTS = YES;
				CLANG_WARN_EMPTY_BODY = YES;
				CLANG_WARN_ENUM_CONVERSION = YES;
				CLANG_WARN_INFINITE_RECURSION = YES;
				CLANG_WARN_INT_CONVERSION = YES;
				CLANG_WARN_NON_LITERAL_NULL_CONVERSION = YES;
				CLANG_WARN_OBJC_IMPLICIT_RETAIN_SELF = YES;
				CLANG_WARN_OBJC_LITERAL_CONVERSION = YES;
				CLANG_WARN_OBJC_ROOT_CLASS = YES_ERROR;
				CLANG_WARN_QUOTED_INCLUDE_IN_FRAMEWORK_HEADER = YES;
				CLANG_WARN_RANGE_LOOP_ANALYSIS = YES;
				CLANG_WARN_STRICT_PROTOTYPES = YES;
				CLANG_WARN_SUSPICIOUS_MOVE = YES;
				CLANG_WARN_UNGUARDED_AVAILABILITY = YES_AGGRESSIVE;
				CLANG_WARN_UNREACHABLE_CODE = YES;
				CLANG_WARN__DUPLICATE_METHOD_MATCH = YES;
				COPY_PHASE_STRIP = NO;
				DEBUG_INFORMATION_FORMAT = dwarf;
				ENABLE_STRICT_OBJC_MSGSEND = YES;
				ENABLE_TESTABILITY = YES;
				GCC_C_LANGUAGE_STANDARD = gnu11;
				GCC_DYNAMIC_NO_PIC = NO;
				GCC_NO_COMMON_BLOCKS = YES;
				GCC_OPTIMIZATION_LEVEL = 0;
				GCC_PREPROCESSOR_DEFINITIONS = (
					"DEBUG=1",
					"$(inherited)",
				);
				GCC_WARN_64_TO_32_BIT_CONVERSION = YES;
				GCC_WARN_ABOUT_RETURN_TYPE = YES_ERROR;
				GCC_WARN_UNDECLARED_SELECTOR = YES;
				GCC_WARN_UNINITIALIZED_AUTOS = YES_AGGRESSIVE;
				GCC_WARN_UNUSED_FUNCTION = YES;
				GCC_WARN_UNUSED_VARIABLE = YES;
				IPHONEOS_DEPLOYMENT_TARGET = 14.5;
				MTL_ENABLE_DEBUG_INFO = INCLUDE_SOURCE;
				MTL_FAST_MATH = YES;
				ONLY_ACTIVE_ARCH = YES;
				SDKROOT = iphoneos;
				SWIFT_ACTIVE_COMPILATION_CONDITIONS = DEBUG;
				SWIFT_OPTIMIZATION_LEVEL = "-Onone";
			};
			name = Debug;
		};
		15CD44E726454BB00009C8A6 /* Release */ = {
			isa = XCBuildConfiguration;
			buildSettings = {
				ALWAYS_SEARCH_USER_PATHS = NO;
				CLANG_ANALYZER_NONNULL = YES;
				CLANG_ANALYZER_NUMBER_OBJECT_CONVERSION = YES_AGGRESSIVE;
				CLANG_CXX_LANGUAGE_STANDARD = "gnu++14";
				CLANG_CXX_LIBRARY = "libc++";
				CLANG_ENABLE_MODULES = YES;
				CLANG_ENABLE_OBJC_ARC = YES;
				CLANG_ENABLE_OBJC_WEAK = YES;
				CLANG_WARN_BLOCK_CAPTURE_AUTORELEASING = YES;
				CLANG_WARN_BOOL_CONVERSION = YES;
				CLANG_WARN_COMMA = YES;
				CLANG_WARN_CONSTANT_CONVERSION = YES;
				CLANG_WARN_DEPRECATED_OBJC_IMPLEMENTATIONS = YES;
				CLANG_WARN_DIRECT_OBJC_ISA_USAGE = YES_ERROR;
				CLANG_WARN_DOCUMENTATION_COMMENTS = YES;
				CLANG_WARN_EMPTY_BODY = YES;
				CLANG_WARN_ENUM_CONVERSION = YES;
				CLANG_WARN_INFINITE_RECURSION = YES;
				CLANG_WARN_INT_CONVERSION = YES;
				CLANG_WARN_NON_LITERAL_NULL_CONVERSION = YES;
				CLANG_WARN_OBJC_IMPLICIT_RETAIN_SELF = YES;
				CLANG_WARN_OBJC_LITERAL_CONVERSION = YES;
				CLANG_WARN_OBJC_ROOT_CLASS = YES_ERROR;
				CLANG_WARN_QUOTED_INCLUDE_IN_FRAMEWORK_HEADER = YES;
				CLANG_WARN_RANGE_LOOP_ANALYSIS = YES;
				CLANG_WARN_STRICT_PROTOTYPES = YES;
				CLANG_WARN_SUSPICIOUS_MOVE = YES;
				CLANG_WARN_UNGUARDED_AVAILABILITY = YES_AGGRESSIVE;
				CLANG_WARN_UNREACHABLE_CODE = YES;
				CLANG_WARN__DUPLICATE_METHOD_MATCH = YES;
				COPY_PHASE_STRIP = NO;
				DEBUG_INFORMATION_FORMAT = "dwarf-with-dsym";
				ENABLE_NS_ASSERTIONS = NO;
				ENABLE_STRICT_OBJC_MSGSEND = YES;
				GCC_C_LANGUAGE_STANDARD = gnu11;
				GCC_NO_COMMON_BLOCKS = YES;
				GCC_WARN_64_TO_32_BIT_CONVERSION = YES;
				GCC_WARN_ABOUT_RETURN_TYPE = YES_ERROR;
				GCC_WARN_UNDECLARED_SELECTOR = YES;
				GCC_WARN_UNINITIALIZED_AUTOS = YES_AGGRESSIVE;
				GCC_WARN_UNUSED_FUNCTION = YES;
				GCC_WARN_UNUSED_VARIABLE = YES;
				IPHONEOS_DEPLOYMENT_TARGET = 14.5;
				MTL_ENABLE_DEBUG_INFO = NO;
				MTL_FAST_MATH = YES;
				SDKROOT = iphoneos;
				SWIFT_COMPILATION_MODE = wholemodule;
				SWIFT_OPTIMIZATION_LEVEL = "-O";
				VALIDATE_PRODUCT = YES;
			};
			name = Release;
		};
		15CD44E926454BB00009C8A6 /* Debug */ = {
			isa = XCBuildConfiguration;
			buildSettings = {
				ASSETCATALOG_COMPILER_APPICON_NAME = AppIcon;
				ASSETCATALOG_COMPILER_GLOBAL_ACCENT_COLOR_NAME = AccentColor;
				CODE_SIGN_STYLE = Automatic;
				DEVELOPMENT_TEAM = 8YDJ6LTN2L;
				INFOPLIST_FILE = CHI_Internship_Countries/Info.plist;
				LD_RUNPATH_SEARCH_PATHS = (
					"$(inherited)",
					"@executable_path/Frameworks",
				);
				PRODUCT_BUNDLE_IDENTIFIER = "com.MySwiftApps99.CHI-Internship-Countries";
				PRODUCT_NAME = "$(TARGET_NAME)";
				SWIFT_VERSION = 5.0;
				TARGETED_DEVICE_FAMILY = "1,2";
			};
			name = Debug;
		};
		15CD44EA26454BB00009C8A6 /* Release */ = {
			isa = XCBuildConfiguration;
			buildSettings = {
				ASSETCATALOG_COMPILER_APPICON_NAME = AppIcon;
				ASSETCATALOG_COMPILER_GLOBAL_ACCENT_COLOR_NAME = AccentColor;
				CODE_SIGN_STYLE = Automatic;
				DEVELOPMENT_TEAM = 8YDJ6LTN2L;
				INFOPLIST_FILE = CHI_Internship_Countries/Info.plist;
				LD_RUNPATH_SEARCH_PATHS = (
					"$(inherited)",
					"@executable_path/Frameworks",
				);
				PRODUCT_BUNDLE_IDENTIFIER = "com.MySwiftApps99.CHI-Internship-Countries";
				PRODUCT_NAME = "$(TARGET_NAME)";
				SWIFT_VERSION = 5.0;
				TARGETED_DEVICE_FAMILY = "1,2";
			};
			name = Release;
		};
/* End XCBuildConfiguration section */

/* Begin XCConfigurationList section */
		15CD44CF26454BAF0009C8A6 /* Build configuration list for PBXProject "CHI_Internship_Countries" */ = {
			isa = XCConfigurationList;
			buildConfigurations = (
				15CD44E626454BB00009C8A6 /* Debug */,
				15CD44E726454BB00009C8A6 /* Release */,
			);
			defaultConfigurationIsVisible = 0;
			defaultConfigurationName = Release;
		};
		15CD44E826454BB00009C8A6 /* Build configuration list for PBXNativeTarget "CHI_Internship_Countries" */ = {
			isa = XCConfigurationList;
			buildConfigurations = (
				15CD44E926454BB00009C8A6 /* Debug */,
				15CD44EA26454BB00009C8A6 /* Release */,
			);
			defaultConfigurationIsVisible = 0;
			defaultConfigurationName = Release;
		};
/* End XCConfigurationList section */
	};
	rootObject = 15CD44CC26454BAF0009C8A6 /* Project object */;
}
